Microsoft Visual Studio Solution File, Format Version 11.00
# Visual Studio 2008

Project("{DBAB6EB8-BDA7-4E12-45ED-03824FAB1EF2}") = "TesteEconordesteFluidos", "Assembly-CSharp-firstpass.csproj", "{A98C7C7B-FB6F-059E-239A-AFB79F81AA05}"
EndProject
Project("{DBAB6EB8-BDA7-4E12-45ED-03824FAB1EF2}") = "TesteEconordesteFluidos", "Assembly-CSharp.csproj", "{438E00CC-319C-0C97-FB49-497C5DF239DB}"
EndProject
Project("{DBAB6EB8-BDA7-4E12-45ED-03824FAB1EF2}") = "TesteEconordesteFluidos", "Assembly-CSharp-Editor.csproj", "{10D3E6AB-379B-0442-793D-E82933A52EE6}"
EndProject
Project("{DBAB6EB8-BDA7-4E12-45ED-03824FAB1EF2}") = "TesteEconordesteFluidos", "Assembly-UnityScript.unityproj", "{E67BD02E-0530-6A99-50B5-356817862397}"
EndProject
Global
	GlobalSection(SolutionConfigurationPlatforms) = preSolution
		Debug|Any CPU = Debug|Any CPU
		Release|Any CPU = Release|Any CPU
	EndGlobalSection
	GlobalSection(ProjectConfigurationPlatforms) = postSolution
		{A98C7C7B-FB6F-059E-239A-AFB79F81AA05}.Debug|Any CPU.ActiveCfg = Debug|Any CPU
		{A98C7C7B-FB6F-059E-239A-AFB79F81AA05}.Debug|Any CPU.Build.0 = Debug|Any CPU
		{A98C7C7B-FB6F-059E-239A-AFB79F81AA05}.Release|Any CPU.ActiveCfg = Release|Any CPU
		{A98C7C7B-FB6F-059E-239A-AFB79F81AA05}.Release|Any CPU.Build.0 = Release|Any CPU
		{438E00CC-319C-0C97-FB49-497C5DF239DB}.Debug|Any CPU.ActiveCfg = Debug|Any CPU
		{438E00CC-319C-0C97-FB49-497C5DF239DB}.Debug|Any CPU.Build.0 = Debug|Any CPU
		{438E00CC-319C-0C97-FB49-497C5DF239DB}.Release|Any CPU.ActiveCfg = Release|Any CPU
		{438E00CC-319C-0C97-FB49-497C5DF239DB}.Release|Any CPU.Build.0 = Release|Any CPU
		{10D3E6AB-379B-0442-793D-E82933A52EE6}.Debug|Any CPU.ActiveCfg = Debug|Any CPU
		{10D3E6AB-379B-0442-793D-E82933A52EE6}.Debug|Any CPU.Build.0 = Debug|Any CPU
		{10D3E6AB-379B-0442-793D-E82933A52EE6}.Release|Any CPU.ActiveCfg = Release|Any CPU
		{10D3E6AB-379B-0442-793D-E82933A52EE6}.Release|Any CPU.Build.0 = Release|Any CPU
		{E67BD02E-0530-6A99-50B5-356817862397}.Debug|Any CPU.ActiveCfg = Debug|Any CPU
		{E67BD02E-0530-6A99-50B5-356817862397}.Debug|Any CPU.Build.0 = Debug|Any CPU
		{E67BD02E-0530-6A99-50B5-356817862397}.Release|Any CPU.ActiveCfg = Release|Any CPU
		{E67BD02E-0530-6A99-50B5-356817862397}.Release|Any CPU.Build.0 = Release|Any CPU
	EndGlobalSection
	GlobalSection(SolutionProperties) = preSolution
		HideSolutionNode = FALSE
	EndGlobalSection
																																																																																																																																																																																																																																GlobalSection(MonoDevelopProperties) = preSolution
		StartupItem = Assembly-CSharp.csproj
		Policies = $0
		$0.TextStylePolicy = $1
		$1.inheritsSet = null
		$1.scope = text/x-csharp
		$0.CSharpFormattingPolicy = $2
		$2.inheritsSet = Mono
		$2.inheritsScope = text/x-csharp
		$2.scope = text/x-csharp
		$0.TextStylePolicy = $3
		$3.FileWidth = 120
		$3.TabWidth = 4
		$3.EolMarker = Unix
		$3.inheritsSet = Mono
		$3.inheritsScope = text/plain
		$3.scope = text/plain
	EndGlobalSection

EndGlobal
